Microsoft Visual Studio Solution File, Format Version 9.00
# Visual Studio 2005
Project("{8BC9CEB8-8B4A-11D0-8D11-00A0C91BC942}") = "FileKeySearch", "FileKeySearch.vcproj", "{EE4A4B80-55F0-4A3E-A567-0C1EBB4B6E7E}"
EndProject
Project("{2150E333-8FDC-42A3-9474-1A3956D46DE8}") = "Solution Items", "Solution Items", "{4B6A9752-B77D-4826-97DF-A466281FAE24}"
EndProject
Global
	GlobalSection(SolutionConfigurationPlatforms) = preSolution
		Debug|Win32 = Debug|Win32
		Release|Win32 = Release|Win32
	EndGlobalSection
	GlobalSection(ProjectConfigurationPlatforms) = postSolution
		{EE4A4B80-55F0-4A3E-A567-0C1EBB4B6E7E}.Debug|Win32.ActiveCfg = Debug|Win32
		{EE4A4B80-55F0-4A3E-A567-0C1EBB4B6E7E}.Debug|Win32.Build.0 = Debug|Win32
		{EE4A4B80-55F0-4A3E-A567-0C1EBB4B6E7E}.Release|Win32.ActiveCfg = Release|Win32
		{EE4A4B80-55F0-4A3E-A567-0C1EBB4B6E7E}.Release|Win32.Build.0 = Release|Win32
	EndGlobalSection
	GlobalSection(SolutionProperties) = preSolution
		HideSolutionNode = FALSE
	EndGlobalSection
EndGlobal
